
Microsoft Visual Studio Solution File, Format Version 12.00
# Visual Studio Version 17
VisualStudioVersion = 17.14.36414.22 d17.14
MinimumVisualStudioVersion = 10.0.40219.1
Project("{FAE04EC0-301F-11D3-BF4B-00C04F79EFBC}") = "AspNetApp", "AspNetApp.csproj", "{6EEE1E4C-3F5E-4A9D-BD6F-4BB5130B8198}"
EndProject
Global
	GlobalSection(SolutionConfigurationPlatforms) = preSolution
		Debug|Any CPU = Debug|Any CPU
		Release|Any CPU = Release|Any CPU
	EndGlobalSection
	GlobalSection(ProjectConfigurationPlatforms) = postSolution
		{6EEE1E4C-3F5E-4A9D-BD6F-4BB5130B8198}.Debug|Any CPU.ActiveCfg = Debug|Any CPU
		{6EEE1E4C-3F5E-4A9D-BD6F-4BB5130B8198}.Debug|Any CPU.Build.0 = Debug|Any CPU
		{6EEE1E4C-3F5E-4A9D-BD6F-4BB5130B8198}.Release|Any CPU.ActiveCfg = Release|Any CPU
		{6EEE1E4C-3F5E-4A9D-BD6F-4BB5130B8198}.Release|Any CPU.Build.0 = Release|Any CPU
	EndGlobalSection
	GlobalSection(SolutionProperties) = preSolution
		HideSolutionNode = FALSE
	EndGlobalSection
	GlobalSection(ExtensibilityGlobals) = postSolution
		SolutionGuid = {A063675C-E449-42C3-95F4-9B4DFE625D7D}
	EndGlobalSection
EndGlobal
